
Microsoft Visual Studio Solution File, Format Version 12.00
# Visual Studio Version 16
VisualStudioVersion = 16.0.29613.14
MinimumVisualStudioVersion = 10.0.40219.1
Project("{9A19103F-16F7-4668-BE54-9A1E7A4F7556}") = "DependencyInjectionIntermidiate", "DependencyInjectionIntermidiate.csproj", "{452F6741-1313-4FBA-9E47-CDF932284BF6}"
EndProject
Project("{FAE04EC0-301F-11D3-BF4B-00C04F79EFBC}") = "DIIntermidiateUnityContainer", "..\DIIntermidiateUnityContainer\DIIntermidiateUnityContainer.csproj", "{E3EB5A5A-312A-465F-9A44-F99DDFF4A3A7}"
EndProject
Global
	GlobalSection(SolutionConfigurationPlatforms) = preSolution
		Debug|Any CPU = Debug|Any CPU
		Release|Any CPU = Release|Any CPU
	EndGlobalSection
	GlobalSection(ProjectConfigurationPlatforms) = postSolution
		{452F6741-1313-4FBA-9E47-CDF932284BF6}.Debug|Any CPU.ActiveCfg = Debug|Any CPU
		{452F6741-1313-4FBA-9E47-CDF932284BF6}.Debug|Any CPU.Build.0 = Debug|Any CPU
		{452F6741-1313-4FBA-9E47-CDF932284BF6}.Release|Any CPU.ActiveCfg = Release|Any CPU
		{452F6741-1313-4FBA-9E47-CDF932284BF6}.Release|Any CPU.Build.0 = Release|Any CPU
		{E3EB5A5A-312A-465F-9A44-F99DDFF4A3A7}.Debug|Any CPU.ActiveCfg = Debug|Any CPU
		{E3EB5A5A-312A-465F-9A44-F99DDFF4A3A7}.Debug|Any CPU.Build.0 = Debug|Any CPU
		{E3EB5A5A-312A-465F-9A44-F99DDFF4A3A7}.Release|Any CPU.ActiveCfg = Release|Any CPU
		{E3EB5A5A-312A-465F-9A44-F99DDFF4A3A7}.Release|Any CPU.Build.0 = Release|Any CPU
	EndGlobalSection
	GlobalSection(SolutionProperties) = preSolution
		HideSolutionNode = FALSE
	EndGlobalSection
	GlobalSection(ExtensibilityGlobals) = postSolution
		SolutionGuid = {007E508D-1729-4919-BEE4-C47FBE350D36}
	EndGlobalSection
EndGlobal
